lockfileVersion: 5.4

importers:

  .:
    specifiers:
      esbuild: ^0.15.7
      minimist: ^1.2.6
      typescript: ^4.8.2
      vitest: ^0.23.2
      vue: ^3.2.38
    dependencies:
      vue: 3.2.38
    devDependencies:
      esbuild: 0.15.7
      minimist: 1.2.6
      typescript: 4.8.2
      vitest: 0.23.2

packages:

  /@babel/helper-string-parser/7.18.10:
    resolution: {integrity: sha512-XtIfWmeNY3i4t7t4D2t02q50HvqHybPqW2ki1kosnvWCwuCMeo81Jf0gwr85jy/neUdg5XDdeFE/80DXiO+njw==}
    engines: {node: '>=6.9.0'}
    dev: false

  /@babel/helper-validator-identifier/7.18.6:
    resolution: {integrity: sha512-MmetCkz9ej86nJQV+sFCxoGGrUbU3q02kgLciwkrt9QqEB7cP39oKEY0PakknEO0Gu20SskMRi+AYZ3b1TpN9g==}
    engines: {node: '>=6.9.0'}
    dev: false

  /@babel/parser/7.19.0:
    resolution: {integrity: sha512-74bEXKX2h+8rrfQUfsBfuZZHzsEs6Eql4pqy/T4Nn6Y9wNPggQOqD6z6pn5Bl8ZfysKouFZT/UXEH94ummEeQw==}
    engines: {node: '>=6.0.0'}
    hasBin: true
    dependencies:
      '@babel/types': 7.19.0
    dev: false

  /@babel/types/7.19.0:
    resolution: {integrity: sha512-YuGopBq3ke25BVSiS6fgF49Ul9gH1x70Bcr6bqRLjWCkcX8Hre1/5+z+IiWOIerRMSSEfGZVB9z9kyq7wVs9YA==}
    engines: {node: '>=6.9.0'}
    dependencies:
      '@babel/helper-string-parser': 7.18.10
      '@babel/helper-validator-identifier': 7.18.6
      to-fast-properties: 2.0.0
    dev: false

  /@esbuild/linux-loong64/0.15.7:
    resolution: {integrity: sha512-IKznSJOsVUuyt7cDzzSZyqBEcZe+7WlBqTVXiF1OXP/4Nm387ToaXZ0fyLwI1iBlI/bzpxVq411QE2/Bt2XWWw==}
    engines: {node: '>=12'}
    cpu: [loong64]
    os: [linux]
    requiresBuild: true
    dev: true
    optional: true

  /@types/chai-subset/1.3.3:
    resolution: {integrity: sha1-l4k4FOkqvSxTTeQiyzd+DgvarJQ=}
    dependencies:
      '@types/chai': 4.3.3
    dev: true

  /@types/chai/4.3.3:
    resolution: {integrity: sha512-hC7OMnszpxhZPduX+m+nrx+uFoLkWOMiR4oa/AZF3MuSETYTZmFfJAHqZEM8MVlvfG7BEUcgvtwoCTxBp6hm3g==}
    dev: true

  /@types/node/18.7.18:
    resolution: {integrity: sha512-m+6nTEOadJZuTPkKR/SYK3A2d7FZrgElol9UP1Kae90VVU4a6mxnPuLiIW1m4Cq4gZ/nWb9GrdVXJCoCazDAbg==}
    dev: true

  /@vue/compiler-core/3.2.38:
    resolution: {integrity: sha512-/FsvnSu7Z+lkd/8KXMa4yYNUiqQrI22135gfsQYVGuh5tqEgOB0XqrUdb/KnCLa5+TmQLPwvyUnKMyCpu+SX3Q==}
    dependencies:
      '@babel/parser': 7.19.0
      '@vue/shared': 3.2.38
      estree-walker: 2.0.2
      source-map: 0.6.1
    dev: false

  /@vue/compiler-dom/3.2.38:
    resolution: {integrity: sha512-zqX4FgUbw56kzHlgYuEEJR8mefFiiyR3u96498+zWPsLeh1WKvgIReoNE+U7gG8bCUdvsrJ0JRmev0Ky6n2O0g==}
    dependencies:
      '@vue/compiler-core': 3.2.38
      '@vue/shared': 3.2.38
    dev: false

  /@vue/compiler-sfc/3.2.38:
    resolution: {integrity: sha512-KZjrW32KloMYtTcHAFuw3CqsyWc5X6seb8KbkANSWt3Cz9p2qA8c1GJpSkksFP9ABb6an0FLCFl46ZFXx3kKpg==}
    dependencies:
      '@babel/parser': 7.19.0
      '@vue/compiler-core': 3.2.38
      '@vue/compiler-dom': 3.2.38
      '@vue/compiler-ssr': 3.2.38
      '@vue/reactivity-transform': 3.2.38
      '@vue/shared': 3.2.38
      estree-walker: 2.0.2
      magic-string: 0.25.9
      postcss: 8.4.16
      source-map: 0.6.1
    dev: false

  /@vue/compiler-ssr/3.2.38:
    resolution: {integrity: sha512-bm9jOeyv1H3UskNm4S6IfueKjUNFmi2kRweFIGnqaGkkRePjwEcfCVqyS3roe7HvF4ugsEkhf4+kIvDhip6XzQ==}
    dependencies:
      '@vue/compiler-dom': 3.2.38
      '@vue/shared': 3.2.38
    dev: false

  /@vue/reactivity-transform/3.2.38:
    resolution: {integrity: sha512-3SD3Jmi1yXrDwiNJqQ6fs1x61WsDLqVk4NyKVz78mkaIRh6d3IqtRnptgRfXn+Fzf+m6B1KxBYWq1APj6h4qeA==}
    dependencies:
      '@babel/parser': 7.19.0
      '@vue/compiler-core': 3.2.38
      '@vue/shared': 3.2.38
      estree-walker: 2.0.2
      magic-string: 0.25.9
    dev: false

  /@vue/reactivity/3.2.38:
    resolution: {integrity: sha512-6L4myYcH9HG2M25co7/BSo0skKFHpAN8PhkNPM4xRVkyGl1K5M3Jx4rp5bsYhvYze2K4+l+pioN4e6ZwFLUVtw==}
    dependencies:
      '@vue/shared': 3.2.38
    dev: false

  /@vue/runtime-core/3.2.38:
    resolution: {integrity: sha512-kk0qiSiXUU/IKxZw31824rxmFzrLr3TL6ZcbrxWTKivadoKupdlzbQM4SlGo4MU6Zzrqv4fzyUasTU1jDoEnzg==}
    dependencies:
      '@vue/reactivity': 3.2.38
      '@vue/shared': 3.2.38
    dev: false

  /@vue/runtime-dom/3.2.38:
    resolution: {integrity: sha512-4PKAb/ck2TjxdMSzMsnHViOrrwpudk4/A56uZjhzvusoEU9xqa5dygksbzYepdZeB5NqtRw5fRhWIiQlRVK45A==}
    dependencies:
      '@vue/runtime-core': 3.2.38
      '@vue/shared': 3.2.38
      csstype: 2.6.20
    dev: false

  /@vue/server-renderer/3.2.38_vue@3.2.38:
    resolution: {integrity: sha512-pg+JanpbOZ5kEfOZzO2bt02YHd+ELhYP8zPeLU1H0e7lg079NtuuSB8fjLdn58c4Ou8UQ6C1/P+528nXnLPAhA==}
    peerDependencies:
      vue: 3.2.38
    dependencies:
      '@vue/compiler-ssr': 3.2.38
      '@vue/shared': 3.2.38
      vue: 3.2.38
    dev: false

  /@vue/shared/3.2.38:
    resolution: {integrity: sha512-dTyhTIRmGXBjxJE+skC8tTWCGLCVc4wQgRRLt8+O9p5ewBAjoBwtCAkLPrtToSr1xltoe3st21Pv953aOZ7alg==}
    dev: false

  /acorn/8.8.0:
    resolution: {integrity: sha512-QOxyigPVrpZ2GXT+PFyZTl6TtOFc5egxHIP9IlQ+RbupQuX4RkT/Bee4/kQuC02Xkzg84JcT7oLYtDIQxp+v7w==}
    engines: {node: '>=0.4.0'}
    hasBin: true
    dev: true

  /assertion-error/1.1.0:
    resolution: {integrity: sha1-5gtrDo8wG9l+U3UhW9pAbIURjAs=}
    dev: true

  /chai/4.3.6:
    resolution: {integrity: sha512-bbcp3YfHCUzMOvKqsztczerVgBKSsEijCySNlHHbX3VG1nskvqjz5Rfso1gGwD6w6oOV3eI60pKuMOV5MV7p3Q==}
    engines: {node: '>=4'}
    dependencies:
      assertion-error: 1.1.0
      check-error: 1.0.2
      deep-eql: 3.0.1
      get-func-name: 2.0.0
      loupe: 2.3.4
      pathval: 1.1.1
      type-detect: 4.0.8
    dev: true

  /check-error/1.0.2:
    resolution: {integrity: sha1-V00xLt2Iu13YkS6Sht1sCu1KrII=}
    dev: true

  /csstype/2.6.20:
    resolution: {integrity: sha512-/WwNkdXfckNgw6S5R125rrW8ez139lBHWouiBvX8dfMFtcn6V81REDqnH7+CRpRipfYlyU1CmOnOxrmGcFOjeA==}
    dev: false

  /debug/4.3.4:
    resolution: {integrity: sha512-PRWFHuSU3eDtQJPvnNY7Jcket1j0t5OuOsFzPPzsekD52Zl8qUfFIPEiswXqIvHWGVHOgX+7G/vCNNhehwxfkQ==}
    engines: {node: '>=6.0'}
    peerDependencies:
      supports-color: '*'
    peerDependenciesMeta:
      supports-color:
        optional: true
    dependencies:
      ms: 2.1.2
    dev: true

  /deep-eql/3.0.1:
    resolution: {integrity: sha1-38lARACtHI/gI+faHfHBR8S0RN8=}
    engines: {node: '>=0.12'}
    dependencies:
      type-detect: 4.0.8
    dev: true

  /esbuild-android-64/0.15.7:
    resolution: {integrity: sha512-p7rCvdsldhxQr3YHxptf1Jcd86dlhvc3EQmQJaZzzuAxefO9PvcI0GLOa5nCWem1AJ8iMRu9w0r5TG8pHmbi9w==}
    engines: {node: '>=12'}
    cpu: [x64]
    os: [android]
    requiresBuild: true
    dev: true
    optional: true

  /esbuild-android-arm64/0.15.7:
    resolution: {integrity: sha512-L775l9ynJT7rVqRM5vo+9w5g2ysbOCfsdLV4CWanTZ1k/9Jb3IYlQ06VCI1edhcosTYJRECQFJa3eAvkx72eyQ==}
    engines: {node: '>=12'}
    cpu: [arm64]
    os: [android]
    requiresBuild: true
    dev: true
    optional: true

  /esbuild-darwin-64/0.15.7:
    resolution: {integrity: sha512-KGPt3r1c9ww009t2xLB6Vk0YyNOXh7hbjZ3EecHoVDxgtbUlYstMPDaReimKe6eOEfyY4hBEEeTvKwPsiH5WZg==}
    engines: {node: '>=12'}
    cpu: [x64]
    os: [darwin]
    requiresBuild: true
    dev: true
    optional: true

  /esbuild-darwin-arm64/0.15.7:
    resolution: {integrity: sha512-kBIHvtVqbSGajN88lYMnR3aIleH3ABZLLFLxwL2stiuIGAjGlQW741NxVTpUHQXUmPzxi6POqc9npkXa8AcSZQ==}
    engines: {node: '>=12'}
    cpu: [arm64]
    os: [darwin]
    requiresBuild: true
    dev: true
    optional: true

  /esbuild-freebsd-64/0.15.7:
    resolution: {integrity: sha512-hESZB91qDLV5MEwNxzMxPfbjAhOmtfsr9Wnuci7pY6TtEh4UDuevmGmkUIjX/b+e/k4tcNBMf7SRQ2mdNuK/HQ==}
    engines: {node: '>=12'}
    cpu: [x64]
    os: [freebsd]
    requiresBuild: true
    dev: true
    optional: true

  /esbuild-freebsd-arm64/0.15.7:
    resolution: {integrity: sha512-dLFR0ChH5t+b3J8w0fVKGvtwSLWCv7GYT2Y2jFGulF1L5HftQLzVGN+6pi1SivuiVSmTh28FwUhi9PwQicXI6Q==}
    engines: {node: '>=12'}
    cpu: [arm64]
    os: [freebsd]
    requiresBuild: true
    dev: true
    optional: true

  /esbuild-linux-32/0.15.7:
    resolution: {integrity: sha512-v3gT/LsONGUZcjbt2swrMjwxo32NJzk+7sAgtxhGx1+ZmOFaTRXBAi1PPfgpeo/J//Un2jIKm/I+qqeo4caJvg==}
    engines: {node: '>=12'}
    cpu: [ia32]
    os: [linux]
    requiresBuild: true
    dev: true
    optional: true

  /esbuild-linux-64/0.15.7:
    resolution: {integrity: sha512-LxXEfLAKwOVmm1yecpMmWERBshl+Kv5YJ/1KnyAr6HRHFW8cxOEsEfisD3sVl/RvHyW//lhYUVSuy9jGEfIRAQ==}
    engines: {node: '>=12'}
    cpu: [x64]
    os: [linux]
    requiresBuild: true
    dev: true
    optional: true

  /esbuild-linux-arm/0.15.7:
    resolution: {integrity: sha512-JKgAHtMR5f75wJTeuNQbyznZZa+pjiUHV7sRZp42UNdyXC6TiUYMW/8z8yIBAr2Fpad8hM1royZKQisqPABPvQ==}
    engines: {node: '>=12'}
    cpu: [arm]
    os: [linux]
    requiresBuild: true
    dev: true
    optional: true

  /esbuild-linux-arm64/0.15.7:
    resolution: {integrity: sha512-P3cfhudpzWDkglutWgXcT2S7Ft7o2e3YDMrP1n0z2dlbUZghUkKCyaWw0zhp4KxEEzt/E7lmrtRu/pGWnwb9vw==}
    engines: {node: '>=12'}
    cpu: [arm64]
    os: [linux]
    requiresBuild: true
    dev: true
    optional: true

  /esbuild-linux-mips64le/0.15.7:
    resolution: {integrity: sha512-T7XKuxl0VpeFLCJXub6U+iybiqh0kM/bWOTb4qcPyDDwNVhLUiPcGdG2/0S7F93czUZOKP57YiLV8YQewgLHKw==}
    engines: {node: '>=12'}
    cpu: [mips64el]
    os: [linux]
    requiresBuild: true
    dev: true
    optional: true

  /esbuild-linux-ppc64le/0.15.7:
    resolution: {integrity: sha512-6mGuC19WpFN7NYbecMIJjeQgvDb5aMuvyk0PDYBJrqAEMkTwg3Z98kEKuCm6THHRnrgsdr7bp4SruSAxEM4eJw==}
    engines: {node: '>=12'}
    cpu: [ppc64]
    os: [linux]
    requiresBuild: true
    dev: true
    optional: true

  /esbuild-linux-riscv64/0.15.7:
    resolution: {integrity: sha512-uUJsezbswAYo/X7OU/P+PuL/EI9WzxsEQXDekfwpQ23uGiooxqoLFAPmXPcRAt941vjlY9jtITEEikWMBr+F/g==}
    engines: {node: '>=12'}
    cpu: [riscv64]
    os: [linux]
    requiresBuild: true
    dev: true
    optional: true

  /esbuild-linux-s390x/0.15.7:
    resolution: {integrity: sha512-+tO+xOyTNMc34rXlSxK7aCwJgvQyffqEM5MMdNDEeMU3ss0S6wKvbBOQfgd5jRPblfwJ6b+bKiz0g5nABpY0QQ==}
    engines: {node: '>=12'}
    cpu: [s390x]
    os: [linux]
    requiresBuild: true
    dev: true
    optional: true

  /esbuild-netbsd-64/0.15.7:
    resolution: {integrity: sha512-yVc4Wz+Pu3cP5hzm5kIygNPrjar/v5WCSoRmIjCPWfBVJkZNb5brEGKUlf+0Y759D48BCWa0WHrWXaNy0DULTQ==}
    engines: {node: '>=12'}
    cpu: [x64]
    os: [netbsd]
    requiresBuild: true
    dev: true
    optional: true

  /esbuild-openbsd-64/0.15.7:
    resolution: {integrity: sha512-GsimbwC4FSR4lN3wf8XmTQ+r8/0YSQo21rWDL0XFFhLHKlzEA4SsT1Tl8bPYu00IU6UWSJ+b3fG/8SB69rcuEQ==}
    engines: {node: '>=12'}
    cpu: [x64]
    os: [openbsd]
    requiresBuild: true
    dev: true
    optional: true

  /esbuild-sunos-64/0.15.7:
    resolution: {integrity: sha512-8CDI1aL/ts0mDGbWzjEOGKXnU7p3rDzggHSBtVryQzkSOsjCHRVe0iFYUuhczlxU1R3LN/E7HgUO4NXzGGP/Ag==}
    engines: {node: '>=12'}
    cpu: [x64]
    os: [sunos]
    requiresBuild: true
    dev: true
    optional: true

  /esbuild-windows-32/0.15.7:
    resolution: {integrity: sha512-cOnKXUEPS8EGCzRSFa1x6NQjGhGsFlVgjhqGEbLTPsA7x4RRYiy2RKoArNUU4iR2vHmzqS5Gr84MEumO/wxYKA==}
    engines: {node: '>=12'}
    cpu: [ia32]
    os: [win32]
    requiresBuild: true
    dev: true
    optional: true

  /esbuild-windows-64/0.15.7:
    resolution: {integrity: sha512-7MI08Ec2sTIDv+zH6StNBKO+2hGUYIT42GmFyW6MBBWWtJhTcQLinKS6ldIN1d52MXIbiJ6nXyCJ+LpL4jBm3Q==}
    engines: {node: '>=12'}
    cpu: [x64]
    os: [win32]
    requiresBuild: true
    dev: true
    optional: true

  /esbuild-windows-arm64/0.15.7:
    resolution: {integrity: sha512-R06nmqBlWjKHddhRJYlqDd3Fabx9LFdKcjoOy08YLimwmsswlFBJV4rXzZCxz/b7ZJXvrZgj8DDv1ewE9+StMw==}
    engines: {node: '>=12'}
    cpu: [arm64]
    os: [win32]
    requiresBuild: true
    dev: true
    optional: true

  /esbuild/0.15.7:
    resolution: {integrity: sha512-7V8tzllIbAQV1M4QoE52ImKu8hT/NLGlGXkiDsbEU5PS6K8Mn09ZnYoS+dcmHxOS9CRsV4IRAMdT3I67IyUNXw==}
    engines: {node: '>=12'}
    hasBin: true
    requiresBuild: true
    optionalDependencies:
      '@esbuild/linux-loong64': 0.15.7
      esbuild-android-64: 0.15.7
      esbuild-android-arm64: 0.15.7
      esbuild-darwin-64: 0.15.7
      esbuild-darwin-arm64: 0.15.7
      esbuild-freebsd-64: 0.15.7
      esbuild-freebsd-arm64: 0.15.7
      esbuild-linux-32: 0.15.7
      esbuild-linux-64: 0.15.7
      esbuild-linux-arm: 0.15.7
      esbuild-linux-arm64: 0.15.7
      esbuild-linux-mips64le: 0.15.7
      esbuild-linux-ppc64le: 0.15.7
      esbuild-linux-riscv64: 0.15.7
      esbuild-linux-s390x: 0.15.7
      esbuild-netbsd-64: 0.15.7
      esbuild-openbsd-64: 0.15.7
      esbuild-sunos-64: 0.15.7
      esbuild-windows-32: 0.15.7
      esbuild-windows-64: 0.15.7
      esbuild-windows-arm64: 0.15.7
    dev: true

  /estree-walker/2.0.2:
    resolution: {integrity: sha1-UvAQF4wqTBF6d1fP6UKtt9LaTKw=}
    dev: false

  /fsevents/2.3.2:
    resolution: {integrity: sha1-ilJveLj99GI7cJ4Ll1xSwkwC/Ro=}
    engines: {node: ^8.16.0 || ^10.6.0 || >=11.0.0}
    os: [darwin]
    requiresBuild: true
    dev: true
    optional: true

  /function-bind/1.1.1:
    resolution: {integrity: sha512-yIovAzMX49sF8Yl58fSCWJ5svSLuaibPxXQJFLmBObTuCr0Mf1KiPopGM9NiFjiYBCbfaa2Fh6breQ6ANVTI0A==}
    dev: true

  /get-func-name/2.0.0:
    resolution: {integrity: sha1-6td0q+5y4gQJQzoGY2YCPdaIekE=}
    dev: true

  /has/1.0.3:
    resolution: {integrity: sha512-f2dvO0VU6Oej7RkWJGrehjbzMAjFp5/VKPp5tTpWIV4JHHZK1/BxbFRtf/siA2SWTe09caDmVtYYzWEIbBS4zw==}
    engines: {node: '>= 0.4.0'}
    dependencies:
      function-bind: 1.1.1
    dev: true

  /is-core-module/2.10.0:
    resolution: {integrity: sha512-Erxj2n/LDAZ7H8WNJXd9tw38GYM3dv8rk8Zcs+jJuxYTW7sozH+SS8NtrSjVL1/vpLvWi1hxy96IzjJ3EHTJJg==}
    dependencies:
      has: 1.0.3
    dev: true

  /local-pkg/0.4.2:
    resolution: {integrity: sha512-mlERgSPrbxU3BP4qBqAvvwlgW4MTg78iwJdGGnv7kibKjWcJksrG3t6LB5lXI93wXRDvG4NpUgJFmTG4T6rdrg==}
    engines: {node: '>=14'}
    dev: true

  /loupe/2.3.4:
    resolution: {integrity: sha512-OvKfgCC2Ndby6aSTREl5aCCPTNIzlDfQZvZxNUrBrihDhL3xcrYegTblhmEiCrg2kKQz4XsFIaemE5BF4ybSaQ==}
    dependencies:
      get-func-name: 2.0.0
    dev: true

  /magic-string/0.25.9:
    resolution: {integrity: sha512-RmF0AsMzgt25qzqqLc1+MbHmhdx0ojF2Fvs4XnOqz2ZOBXzzkEwc/dJQZCYHAn7v1jbVOjAZfK8msRn4BxO4VQ==}
    dependencies:
      sourcemap-codec: 1.4.8
    dev: false

  /minimist/1.2.6:
    resolution: {integrity: sha512-Jsjnk4bw3YJqYzbdyBiNsPWHPfO++UGG749Cxs6peCu5Xg4nrena6OVxOYxrQTqww0Jmwt+Ref8rggumkTLz9Q==}
    dev: true

  /ms/2.1.2:
    resolution: {integrity: sha512-sGkPx+VjMtmA6MX27oA4FBFELFCZZ4S4XqeGOXCv68tT+jb3vk/RyaKWP0PTKyWtmLSM0b+adUTEvbs1PEaH2w==}
    dev: true

  /nanoid/3.3.4:
    resolution: {integrity: sha512-MqBkQh/OHTS2egovRtLk45wEyNXwF+cokD+1YPf9u5VfJiRdAiRwB2froX5Co9Rh20xs4siNPm8naNotSD6RBw==}
    engines: {node: ^10 || ^12 || ^13.7 || ^14 || >=15.0.1}
    hasBin: true

  /path-parse/1.0.7:
    resolution: {integrity: sha1-+8EUtgykKzDZ2vWFjkvWi77bZzU=}
    dev: true

  /pathval/1.1.1:
    resolution: {integrity: sha1-hTTnenfOesWiUS6iHg/bj89sPY0=}
    dev: true

  /picocolors/1.0.0:
    resolution: {integrity: sha1-y1vcdP8/UYkiNur3nWi8RFZKuBw=}

  /postcss/8.4.16:
    resolution: {integrity: sha512-ipHE1XBvKzm5xI7hiHCZJCSugxvsdq2mPnsq5+UF+VHCjiBvtDrlxJfMBToWaP9D5XlgNmcFGqoHmUn0EYEaRQ==}
    engines: {node: ^10 || ^12 || >=14}
    dependencies:
      nanoid: 3.3.4
      picocolors: 1.0.0
      source-map-js: 1.0.2

  /resolve/1.22.1:
    resolution: {integrity: sha512-nBpuuYuY5jFsli/JIs1oldw6fOQCBioohqWZg/2hiaOybXOft4lonv85uDOKXdf8rhyK159cxU5cDcK/NKk8zw==}
    hasBin: true
    dependencies:
      is-core-module: 2.10.0
      path-parse: 1.0.7
      supports-preserve-symlinks-flag: 1.0.0
    dev: true

  /rollup/2.78.1:
    resolution: {integrity: sha512-VeeCgtGi4P+o9hIg+xz4qQpRl6R401LWEXBmxYKOV4zlF82lyhgh2hTZnheFUbANE8l2A41F458iwj2vEYaXJg==}
    engines: {node: '>=10.0.0'}
    hasBin: true
    optionalDependencies:
      fsevents: 2.3.2
    dev: true

  /source-map-js/1.0.2:
    resolution: {integrity: sha512-R0XvVJ9WusLiqTCEiGCmICCMplcCkIwwR11mOSD9CR5u+IXYdiseeEuXCVAjS54zqwkLcPNnmU4OeJ6tUrWhDw==}
    engines: {node: '>=0.10.0'}

  /source-map/0.6.1:
    resolution: {integrity: sha512-UjgapumWlbMhkBgzT7Ykc5YXUT46F0iKu8SGXq0bcwP5dz/h0Plj6enJqjz1Zbq2l5WaqYnrVbwWOWMyF3F47g==}
    engines: {node: '>=0.10.0'}
    dev: false

  /sourcemap-codec/1.4.8:
    resolution: {integrity: sha512-9NykojV5Uih4lgo5So5dtw+f0JgJX30KCNI8gwhz2J9A15wD0Ml6tjHKwf6fTSa6fAdVBdZeNOs9eJ71qCk8vA==}
    dev: false

  /strip-literal/0.4.1:
    resolution: {integrity: sha512-z+F/xmDM8GOdvA5UoZXFxEnxdvMOZ+XEBIwjfLfc8hMSuHpGxjXAUCfuEo+t1GOHSb8+qgI/IBRpxXVMaABYWA==}
    dependencies:
      acorn: 8.8.0
    dev: true

  /supports-preserve-symlinks-flag/1.0.0:
    resolution: {integrity: sha512-ot0WnXS9fgdkgIcePe6RHNk1WA8+muPa6cSjeR3V8K27q9BB1rTE3R1p7Hv0z1ZyAc8s6Vvv8DIyWf681MAt0w==}
    engines: {node: '>= 0.4'}
    dev: true

  /tinybench/2.1.5:
    resolution: {integrity: sha512-ak+PZZEuH3mw6CCFOgf5S90YH0MARnZNhxjhjguAmoJimEMAJuNip/rJRd6/wyylHItomVpKTzZk9zrhTrQCoQ==}
    dev: true

  /tinypool/0.3.0:
    resolution: {integrity: sha512-NX5KeqHOBZU6Bc0xj9Vr5Szbb1j8tUHIeD18s41aDJaPeC5QTdEhK0SpdpUrZlj2nv5cctNcSjaKNanXlfcVEQ==}
    engines: {node: '>=14.0.0'}
    dev: true

  /tinyspy/1.0.2:
    resolution: {integrity: sha512-bSGlgwLBYf7PnUsQ6WOc6SJ3pGOcd+d8AA6EUnLDDM0kWEstC1JIlSZA3UNliDXhd9ABoS7hiRBDCu+XP/sf1Q==}
    engines: {node: '>=14.0.0'}
    dev: true

  /to-fast-properties/2.0.0:
    resolution: {integrity: sha1-3F5pjL0HkmW8c+A3doGk5Og/YW4=}
    engines: {node: '>=4'}
    dev: false

  /type-detect/4.0.8:
    resolution: {integrity: sha1-dkb7XxiHHPu3dJ5pvTmmOI63RQw=}
    engines: {node: '>=4'}
    dev: true

  /typescript/4.8.2:
    resolution: {integrity: sha512-C0I1UsrrDHo2fYI5oaCGbSejwX4ch+9Y5jTQELvovfmFkK3HHSZJB8MSJcWLmCUBzQBchCrZ9rMRV6GuNrvGtw==}
    engines: {node: '>=4.2.0'}
    hasBin: true
    dev: true

  /vite/3.1.0:
    resolution: {integrity: sha512-YBg3dUicDpDWFCGttmvMbVyS9ydjntwEjwXRj2KBFwSB8SxmGcudo1yb8FW5+M/G86aS8x828ujnzUVdsLjs9g==}
    engines: {node: ^14.18.0 || >=16.0.0}
    hasBin: true
    peerDependencies:
      less: '*'
      sass: '*'
      stylus: '*'
      terser: ^5.4.0
    peerDependenciesMeta:
      less:
        optional: true
      sass:
        optional: true
      stylus:
        optional: true
      terser:
        optional: true
    dependencies:
      esbuild: 0.15.7
      postcss: 8.4.16
      resolve: 1.22.1
      rollup: 2.78.1
    optionalDependencies:
      fsevents: 2.3.2
    dev: true

  /vitest/0.23.2:
    resolution: {integrity: sha512-kTBKp3ROPDkYC+x2zWt4znkDtnT08W1FQ6ngRFuqxpBGNuNVS+eWZKfffr8y2JGvEzZ9EzMAOcNaiqMj/FZqMw==}
    engines: {node: '>=v14.16.0'}
    hasBin: true
    peerDependencies:
      '@edge-runtime/vm': '*'
      '@vitest/browser': '*'
      '@vitest/ui': '*'
      happy-dom: '*'
      jsdom: '*'
    peerDependenciesMeta:
      '@edge-runtime/vm':
        optional: true
      '@vitest/browser':
        optional: true
      '@vitest/ui':
        optional: true
      happy-dom:
        optional: true
      jsdom:
        optional: true
    dependencies:
      '@types/chai': 4.3.3
      '@types/chai-subset': 1.3.3
      '@types/node': 18.7.18
      chai: 4.3.6
      debug: 4.3.4
      local-pkg: 0.4.2
      strip-literal: 0.4.1
      tinybench: 2.1.5
      tinypool: 0.3.0
      tinyspy: 1.0.2
      vite: 3.1.0
    transitivePeerDependencies:
      - less
      - sass
      - stylus
      - supports-color
      - terser
    dev: true

  /vue/3.2.38:
    resolution: {integrity: sha512-hHrScEFSmDAWL0cwO4B6WO7D3sALZPbfuThDsGBebthrNlDxdJZpGR3WB87VbjpPh96mep1+KzukYEhpHDFa8Q==}
    dependencies:
      '@vue/compiler-dom': 3.2.38
      '@vue/compiler-sfc': 3.2.38
      '@vue/runtime-dom': 3.2.38
      '@vue/server-renderer': 3.2.38_vue@3.2.38
      '@vue/shared': 3.2.38
    dev: false
